
Microsoft Visual Studio Solution File, Format Version 12.00
# Visual Studio 15
VisualStudioVersion = 15.0.28307.852
MinimumVisualStudioVersion = 10.0.40219.1
Project("{FAE04EC0-301F-11D3-BF4B-00C04F79EFBC}") = "news-FE", "news-FE\news-FE.csproj", "{4931EB10-4FCB-40CB-A366-E1AA4CBF2310}"
EndProject
Global
	GlobalSection(SolutionConfigurationPlatforms) = preSolution
		Debug|Any CPU = Debug|Any CPU
		Release|Any CPU = Release|Any CPU
	EndGlobalSection
	GlobalSection(ProjectConfigurationPlatforms) = postSolution
		{4931EB10-4FCB-40CB-A366-E1AA4CBF2310}.Debug|Any CPU.ActiveCfg = Debug|Any CPU
		{4931EB10-4FCB-40CB-A366-E1AA4CBF2310}.Debug|Any CPU.Build.0 = Debug|Any CPU
		{4931EB10-4FCB-40CB-A366-E1AA4CBF2310}.Release|Any CPU.ActiveCfg = Release|Any CPU
		{4931EB10-4FCB-40CB-A366-E1AA4CBF2310}.Release|Any CPU.Build.0 = Release|Any CPU
	EndGlobalSection
	GlobalSection(SolutionProperties) = preSolution
		HideSolutionNode = FALSE
	EndGlobalSection
	GlobalSection(ExtensibilityGlobals) = postSolution
		SolutionGuid = {8C15593D-6821-43DB-B675-1AF8CDA80783}
	EndGlobalSection
EndGlobal
